
Microsoft Visual Studio Solution File, Format Version 12.00
# Visual Studio Version 17
VisualStudioVersion = 17.11.35312.102
MinimumVisualStudioVersion = 10.0.40219.1
Project("{FAE04EC0-301F-11D3-BF4B-00C04F79EFBC}") = "Pinewood", "Pinewood\Pinewood.csproj", "{7551E7E7-8B73-48D7-918C-CCA4377A8321}"
EndProject
Global
	GlobalSection(SolutionConfigurationPlatforms) = preSolution
		Debug|Any CPU = Debug|Any CPU
		Release|Any CPU = Release|Any CPU
	EndGlobalSection
	GlobalSection(ProjectConfigurationPlatforms) = postSolution
		{7551E7E7-8B73-48D7-918C-CCA4377A8321}.Debug|Any CPU.ActiveCfg = Debug|Any CPU
		{7551E7E7-8B73-48D7-918C-CCA4377A8321}.Debug|Any CPU.Build.0 = Debug|Any CPU
		{7551E7E7-8B73-48D7-918C-CCA4377A8321}.Release|Any CPU.ActiveCfg = Release|Any CPU
		{7551E7E7-8B73-48D7-918C-CCA4377A8321}.Release|Any CPU.Build.0 = Release|Any CPU
	EndGlobalSection
	GlobalSection(SolutionProperties) = preSolution
		HideSolutionNode = FALSE
	EndGlobalSection
	GlobalSection(ExtensibilityGlobals) = postSolution
		SolutionGuid = {BC050516-26D6-4DEF-A2B1-E96B6C45D2D2}
	EndGlobalSection
EndGlobal
